{
  "name": "teavm_browser_shim",
  "version": "1.0.0",
  "lockfileVersion": 2,
  "requires": true,
  "packages": {
    "": {
      "name": "teavm_browser_shim",
      "version": "1.0.0",
      "license": "Apache-2.0",
      "dependencies": {
        "browser_wasi_shim": "git+https://github.com/bjorn3/browser_wasi_shim.git"
      }
    },
    "node_modules/browser_wasi_shim": {
      "version": "1.0.0",
      "resolved": "git+ssh://git@github.com/bjorn3/browser_wasi_shim.git#aca501c8448b232b2822da385c7f9a37b56fe67c",
      "license": "MIT OR Apache-2.0",
      "dependencies": {
        "xterm": "^4.18.0",
        "xterm-addon-fit": "^0.5.0"
      }
    },
    "node_modules/xterm": {
      "version": "4.19.0",
      "resolved": "https://registry.npmjs.org/xterm/-/xterm-4.19.0.tgz",
      "integrity": "sha512-c3Cp4eOVsYY5Q839dR5IejghRPpxciGmLWWaP9g+ppfMeBChMeLa1DCA+pmX/jyDZ+zxFOmlJL/82qVdayVoGQ=="
    },
    "node_modules/xterm-addon-fit": {
      "version": "0.5.0",
      "resolved": "https://registry.npmjs.org/xterm-addon-fit/-/xterm-addon-fit-0.5.0.tgz",
      "integrity": "sha512-DsS9fqhXHacEmsPxBJZvfj2la30Iz9xk+UKjhQgnYNkrUIN5CYLbw7WEfz117c7+S86S/tpHPfvNxJsF5/G8wQ==",
      "peerDependencies": {
        "xterm": "^4.0.0"
      }
    }
  },
  "dependencies": {
    "browser_wasi_shim": {
      "version": "git+ssh://git@github.com/bjorn3/browser_wasi_shim.git#aca501c8448b232b2822da385c7f9a37b56fe67c",
      "from": "browser_wasi_shim@git+https://github.com/bjorn3/browser_wasi_shim.git",
      "requires": {
        "xterm": "^4.18.0",
        "xterm-addon-fit": "^0.5.0"
      }
    },
    "xterm": {
      "version": "4.19.0",
      "resolved": "https://registry.npmjs.org/xterm/-/xterm-4.19.0.tgz",
      "integrity": "sha512-c3Cp4eOVsYY5Q839dR5IejghRPpxciGmLWWaP9g+ppfMeBChMeLa1DCA+pmX/jyDZ+zxFOmlJL/82qVdayVoGQ=="
    },
    "xterm-addon-fit": {
      "version": "0.5.0",
      "resolved": "https://registry.npmjs.org/xterm-addon-fit/-/xterm-addon-fit-0.5.0.tgz",
      "integrity": "sha512-DsS9fqhXHacEmsPxBJZvfj2la30Iz9xk+UKjhQgnYNkrUIN5CYLbw7WEfz117c7+S86S/tpHPfvNxJsF5/G8wQ==",
      "requires": {}
    }
  }
}
